
Microsoft Visual Studio Solution File, Format Version 12.00
# Visual Studio 15
VisualStudioVersion = 15.0.28307.902
MinimumVisualStudioVersion = 10.0.40219.1
Project("{888888A0-9F3D-457C-B088-3A5042F75D52}") = "eda-explorer-master", "..\eda-explorer-master\eda-explorer-master.pyproj", "{50FF4474-CA58-4AE9-AB7D-48E29CB93A30}"
EndProject
Global
	GlobalSection(SolutionConfigurationPlatforms) = preSolution
		Debug|Any CPU = Debug|Any CPU
		Release|Any CPU = Release|Any CPU
	EndGlobalSection
	GlobalSection(ProjectConfigurationPlatforms) = postSolution
		{50FF4474-CA58-4AE9-AB7D-48E29CB93A30}.Debug|Any CPU.ActiveCfg = Debug|Any CPU
		{50FF4474-CA58-4AE9-AB7D-48E29CB93A30}.Release|Any CPU.ActiveCfg = Release|Any CPU
	EndGlobalSection
	GlobalSection(SolutionProperties) = preSolution
		HideSolutionNode = FALSE
	EndGlobalSection
	GlobalSection(ExtensibilityGlobals) = postSolution
		SolutionGuid = {5EC7B02A-38FB-4D0B-8258-0E581E550BFF}
	EndGlobalSection
EndGlobal
